
Microsoft Visual Studio Solution File, Format Version 12.00
# Visual Studio Version 16
VisualStudioVersion = 16.0.31205.134
MinimumVisualStudioVersion = 10.0.40219.1
Project("{00D1A9C2-B5F0-4AF3-8072-F6C62B433612}") = "DatabaseCustomer", "DatabaseCustomer\DatabaseCustomer.sqlproj", "{38631BD4-87C1-4FD1-9570-FC36FE557D34}"
EndProject
Global
	GlobalSection(SolutionConfigurationPlatforms) = preSolution
		Debug|Any CPU = Debug|Any CPU
		Release|Any CPU = Release|Any CPU
	EndGlobalSection
	GlobalSection(ProjectConfigurationPlatforms) = postSolution
		{38631BD4-87C1-4FD1-9570-FC36FE557D34}.Debug|Any CPU.ActiveCfg = Debug|Any CPU
		{38631BD4-87C1-4FD1-9570-FC36FE557D34}.Debug|Any CPU.Build.0 = Debug|Any CPU
		{38631BD4-87C1-4FD1-9570-FC36FE557D34}.Debug|Any CPU.Deploy.0 = Debug|Any CPU
		{38631BD4-87C1-4FD1-9570-FC36FE557D34}.Release|Any CPU.ActiveCfg = Release|Any CPU
		{38631BD4-87C1-4FD1-9570-FC36FE557D34}.Release|Any CPU.Build.0 = Release|Any CPU
		{38631BD4-87C1-4FD1-9570-FC36FE557D34}.Release|Any CPU.Deploy.0 = Release|Any CPU
	EndGlobalSection
	GlobalSection(SolutionProperties) = preSolution
		HideSolutionNode = FALSE
	EndGlobalSection
	GlobalSection(ExtensibilityGlobals) = postSolution
		SolutionGuid = {02C20E10-D853-468E-BF07-F9E30C930F6D}
	EndGlobalSection
EndGlobal
